{
  "name": "pareto-stream-api",
  "version": "0.1.36",
  "lockfileVersion": 3,
  "requires": true,
  "packages": {
    "": {
      "name": "pareto-stream-api",
      "version": "0.1.36",
      "license": "Apache-2.0",
      "dependencies": {
        "pareto-core": "^0.1.0"
      }
    },
    "node_modules/pareto-core": {
      "version": "0.1.283",
      "resolved": "https://registry.npmjs.org/pareto-core/-/pareto-core-0.1.283.tgz",
      "integrity": "sha512-dkMaACpKJVvRfyJyYnaDiOxzXwJJrAKJH24KJEKSe+4QIAzsEQNQTg/IQH63QXMQgL1Vg8HAGVXKp8JJfFo5uw==",
      "license": "Apache-2.0"
    }
  }
}
