{
  "name": "pareto-stream-api",
  "version": "0.1.39",
  "lockfileVersion": 3,
  "requires": true,
  "packages": {
    "": {
      "name": "pareto-stream-api",
      "version": "0.1.39",
      "license": "Apache-2.0",
      "dependencies": {
        "pareto-core": "^0.1.0"
      }
    },
    "node_modules/pareto-core": {
      "version": "0.1.311",
      "resolved": "https://registry.npmjs.org/pareto-core/-/pareto-core-0.1.311.tgz",
      "integrity": "sha512-ZLS8oRtg4/ST4ZVIIj5ExE9JJfuij6QkjrHIN0fOG2ce5zyCGrIG5YhVct+S4YiWE9MJEGlvzIzk/Fx9Sm8VMA==",
      "license": "Apache-2.0"
    }
  }
}
