{
  "name": "pareto-stream-api",
  "version": "0.1.39",
  "lockfileVersion": 3,
  "requires": true,
  "packages": {
    "": {
      "name": "pareto-stream-api",
      "version": "0.1.39",
      "license": "Apache-2.0",
      "dependencies": {
        "pareto-core": "^0.1.0"
      }
    },
    "node_modules/pareto-core": {
      "version": "0.1.317",
      "resolved": "https://registry.npmjs.org/pareto-core/-/pareto-core-0.1.317.tgz",
      "integrity": "sha512-UeMV79vZQP7hCi7gAOlPhhrmo4G/mykBbQ6TKoRXPRzWoMZAvPpwFVOSBUrDQQxztT4Xgco5HD5kS/jIHWXtuQ==",
      "license": "Apache-2.0"
    }
  }
}
